
Microsoft Visual Studio Solution File, Format Version 12.00
# Visual Studio 2013
Project("{FAE04EC0-301F-11D3-BF4B-00C04F79EFBC}") = "UnityVS.Foundation Databinding.CSharp.Editor", "UnityVS.Foundation Databinding.CSharp.Editor.csproj", "{D4BD2BFD-AD43-6E28-F663-21289D799A2B}"
EndProject
Project("{FAE04EC0-301F-11D3-BF4B-00C04F79EFBC}") = "UnityVS.Foundation Databinding.CSharp", "UnityVS.Foundation Databinding.CSharp.csproj", "{9AD0A9A7-44AD-17BE-1F80-C7202918B206}"
EndProject
Project("{FAE04EC0-301F-11D3-BF4B-00C04F79EFBC}") = "UnityVS.Foundation Databinding.CSharp.Plugins", "UnityVS.Foundation Databinding.CSharp.Plugins.csproj", "{24BC7B6E-F27B-4FEE-1C93-D79A20218691}"
EndProject
Global
	GlobalSection(SolutionConfigurationPlatforms) = preSolution
		Debug|Any CPU = Debug|Any CPU
		Release|Any CPU = Release|Any CPU
	EndGlobalSection
	GlobalSection(ProjectConfigurationPlatforms) = postSolution
		{D4BD2BFD-AD43-6E28-F663-21289D799A2B}.Debug|Any CPU.ActiveCfg = Debug|Any CPU
		{D4BD2BFD-AD43-6E28-F663-21289D799A2B}.Debug|Any CPU.Build.0 = Debug|Any CPU
		{D4BD2BFD-AD43-6E28-F663-21289D799A2B}.Release|Any CPU.ActiveCfg = Release|Any CPU
		{D4BD2BFD-AD43-6E28-F663-21289D799A2B}.Release|Any CPU.Build.0 = Release|Any CPU
		{9AD0A9A7-44AD-17BE-1F80-C7202918B206}.Debug|Any CPU.ActiveCfg = Debug|Any CPU
		{9AD0A9A7-44AD-17BE-1F80-C7202918B206}.Debug|Any CPU.Build.0 = Debug|Any CPU
		{9AD0A9A7-44AD-17BE-1F80-C7202918B206}.Release|Any CPU.ActiveCfg = Release|Any CPU
		{9AD0A9A7-44AD-17BE-1F80-C7202918B206}.Release|Any CPU.Build.0 = Release|Any CPU
		{24BC7B6E-F27B-4FEE-1C93-D79A20218691}.Debug|Any CPU.ActiveCfg = Debug|Any CPU
		{24BC7B6E-F27B-4FEE-1C93-D79A20218691}.Debug|Any CPU.Build.0 = Debug|Any CPU
		{24BC7B6E-F27B-4FEE-1C93-D79A20218691}.Release|Any CPU.ActiveCfg = Release|Any CPU
		{24BC7B6E-F27B-4FEE-1C93-D79A20218691}.Release|Any CPU.Build.0 = Release|Any CPU
	EndGlobalSection
	GlobalSection(SolutionProperties) = preSolution
		HideSolutionNode = FALSE
	EndGlobalSection
EndGlobal
