
Microsoft Visual Studio Solution File, Format Version 12.00
# Visual Studio 14
VisualStudioVersion = 14.0.24720.0
MinimumVisualStudioVersion = 10.0.40219.1
Project("{FAE04EC0-301F-11D3-BF4B-00C04F79EFBC}") = "Foundation.Server", "Foundation.Server\Foundation.Server.csproj", "{634C2F2A-EAAC-493D-85AF-EBC22F648ED8}"
EndProject
Project("{2150E333-8FDC-42A3-9474-1A3956D46DE8}") = "Api", ""Api", "{3A220083-9208-4285-A13C-55F6C7FB4B23}"
EndProject
Project("{FAE04EC0-301F-11D3-BF4B-00C04F79EFBC}") = "Foundation.Api.Unity3d", "Foundation.Api\Foundation.Api.Unity3d.csproj", "{88074FDE-21BD-47B0-AFA9-F26B9C84D527}"
EndProject
Project("{FAE04EC0-301F-11D3-BF4B-00C04F79EFBC}") = "Foundation.Api", "Foundation.Api\Foundation.Api.csproj", "{9D2A6BD3-B699-4020-B771-47650A79D87C}"
EndProject
Global
	GlobalSection(SolutionConfigurationPlatforms) = preSolution
		Debug|Any CPU = Debug|Any CPU
		Release|Any CPU = Release|Any CPU
	EndGlobalSection
	GlobalSection(ProjectConfigurationPlatforms) = postSolution
		{634C2F2A-EAAC-493D-85AF-EBC22F648ED8}.Debug|Any CPU.ActiveCfg = Debug|Any CPU
		{634C2F2A-EAAC-493D-85AF-EBC22F648ED8}.Debug|Any CPU.Build.0 = Debug|Any CPU
		{634C2F2A-EAAC-493D-85AF-EBC22F648ED8}.Release|Any CPU.ActiveCfg = Release|Any CPU
		{634C2F2A-EAAC-493D-85AF-EBC22F648ED8}.Release|Any CPU.Build.0 = Release|Any CPU
		{88074FDE-21BD-47B0-AFA9-F26B9C84D527}.Debug|Any CPU.ActiveCfg = Debug|Any CPU
		{88074FDE-21BD-47B0-AFA9-F26B9C84D527}.Debug|Any CPU.Build.0 = Debug|Any CPU
		{88074FDE-21BD-47B0-AFA9-F26B9C84D527}.Release|Any CPU.ActiveCfg = Release|Any CPU
		{88074FDE-21BD-47B0-AFA9-F26B9C84D527}.Release|Any CPU.Build.0 = Release|Any CPU
		{9D2A6BD3-B699-4020-B771-47650A79D87C}.Debug|Any CPU.ActiveCfg = Debug|Any CPU
		{9D2A6BD3-B699-4020-B771-47650A79D87C}.Debug|Any CPU.Build.0 = Debug|Any CPU
		{9D2A6BD3-B699-4020-B771-47650A79D87C}.Release|Any CPU.ActiveCfg = Release|Any CPU
		{9D2A6BD3-B699-4020-B771-47650A79D87C}.Release|Any CPU.Build.0 = Release|Any CPU
	EndGlobalSection
	GlobalSection(SolutionProperties) = preSolution
		HideSolutionNode = FALSE
	EndGlobalSection
	GlobalSection(NestedProjects) = preSolution
		{88074FDE-21BD-47B0-AFA9-F26B9C84D527} = {3A220083-9208-4285-A13C-55F6C7FB4B23}
		{9D2A6BD3-B699-4020-B771-47650A79D87C} = {3A220083-9208-4285-A13C-55F6C7FB4B23}
	EndGlobalSection
EndGlobal
